
Microsoft Visual Studio Solution File, Format Version 12.00
# Visual Studio 2012
Project("{FAE04EC0-301F-11D3-BF4B-00C04F79EFBC}") = "SherpaDeskApi", "SherpaDeskApi.csproj", "{342A3B1F-D884-4A51-A031-313AC0D56EBC}"
EndProject
Global
	GlobalSection(SolutionConfigurationPlatforms) = preSolution
		Debug|Any CPU = Debug|Any CPU
		Release|Any CPU = Release|Any CPU
	EndGlobalSection
	GlobalSection(ProjectConfigurationPlatforms) = postSolution
		{342A3B1F-D884-4A51-A031-313AC0D56EBC}.Debug|Any CPU.ActiveCfg = Debug|Any CPU
		{342A3B1F-D884-4A51-A031-313AC0D56EBC}.Debug|Any CPU.Build.0 = Debug|Any CPU
		{342A3B1F-D884-4A51-A031-313AC0D56EBC}.Release|Any CPU.ActiveCfg = Release|Any CPU
		{342A3B1F-D884-4A51-A031-313AC0D56EBC}.Release|Any CPU.Build.0 = Release|Any CPU
	EndGlobalSection
	GlobalSection(SolutionProperties) = preSolution
		HideSolutionNode = FALSE
	EndGlobalSection
EndGlobal
